
Microsoft Visual Studio Solution File, Format Version 12.00
# Visual Studio Version 17
VisualStudioVersion = 17.0.31903.59
MinimumVisualStudioVersion = 10.0.40219.1
Project("{2150E333-8FDC-42A3-9474-1A3956D46DE8}") = "src", "src", "{E3FB00F7-18B1-485B-80E8-69B851A5729F}"
EndProject
Project("{9A19103F-16F7-4668-BE54-9A1E7A4F7556}") = "SKIT.FlurlHttpClient.Baidu.SmartApp", "src\SKIT.FlurlHttpClient.Baidu.SmartApp\SKIT.FlurlHttpClient.Baidu.SmartApp.csproj", "{8E8228C0-1775-4864-8FBF-7F4E5384EA05}"
EndProject
Project("{FAE04EC0-301F-11D3-BF4B-00C04F79EFBC}") = "SKIT.FlurlHttpClient.Baidu.Push", "src\SKIT.FlurlHttpClient.Baidu.Push\SKIT.FlurlHttpClient.Baidu.Push.csproj", "{AE97D0BD-CE97-4314-BAE8-F5768D796663}"
EndProject
Project("{2150E333-8FDC-42A3-9474-1A3956D46DE8}") = "test", "test", "{4AAE98CC-03C2-4318-B05D-07B1E2F80BC1}"
EndProject
Project("{9A19103F-16F7-4668-BE54-9A1E7A4F7556}") = "SKIT.FlurlHttpClient.Baidu.SmartApp.UnitTests", "test\SKIT.FlurlHttpClient.Baidu.SmartApp.UnitTests\SKIT.FlurlHttpClient.Baidu.SmartApp.UnitTests.csproj", "{D5A92E08-C0F4-4513-8D08-BDBD13C0CD8D}"
EndProject
Project("{FAE04EC0-301F-11D3-BF4B-00C04F79EFBC}") = "SKIT.FlurlHttpClient.Baidu.Push.UnitTests", "test\SKIT.FlurlHttpClient.Baidu.Push.UnitTests\SKIT.FlurlHttpClient.Baidu.Push.UnitTests.csproj", "{6205D3CB-4A46-4FEF-B178-19C2AB8E7EA2}"
EndProject
Global
	GlobalSection(SolutionConfigurationPlatforms) = preSolution
		Debug|Any CPU = Debug|Any CPU
		Release|Any CPU = Release|Any CPU
	EndGlobalSection
	GlobalSection(ProjectConfigurationPlatforms) = postSolution
		{8E8228C0-1775-4864-8FBF-7F4E5384EA05}.Debug|Any CPU.ActiveCfg = Debug|Any CPU
		{8E8228C0-1775-4864-8FBF-7F4E5384EA05}.Debug|Any CPU.Build.0 = Debug|Any CPU
		{8E8228C0-1775-4864-8FBF-7F4E5384EA05}.Release|Any CPU.ActiveCfg = Release|Any CPU
		{8E8228C0-1775-4864-8FBF-7F4E5384EA05}.Release|Any CPU.Build.0 = Release|Any CPU
		{D5A92E08-C0F4-4513-8D08-BDBD13C0CD8D}.Debug|Any CPU.ActiveCfg = Debug|Any CPU
		{D5A92E08-C0F4-4513-8D08-BDBD13C0CD8D}.Debug|Any CPU.Build.0 = Debug|Any CPU
		{D5A92E08-C0F4-4513-8D08-BDBD13C0CD8D}.Release|Any CPU.ActiveCfg = Release|Any CPU
		{D5A92E08-C0F4-4513-8D08-BDBD13C0CD8D}.Release|Any CPU.Build.0 = Release|Any CPU
		{AE97D0BD-CE97-4314-BAE8-F5768D796663}.Debug|Any CPU.ActiveCfg = Debug|Any CPU
		{AE97D0BD-CE97-4314-BAE8-F5768D796663}.Debug|Any CPU.Build.0 = Debug|Any CPU
		{AE97D0BD-CE97-4314-BAE8-F5768D796663}.Release|Any CPU.ActiveCfg = Release|Any CPU
		{AE97D0BD-CE97-4314-BAE8-F5768D796663}.Release|Any CPU.Build.0 = Release|Any CPU
		{6205D3CB-4A46-4FEF-B178-19C2AB8E7EA2}.Debug|Any CPU.ActiveCfg = Debug|Any CPU
		{6205D3CB-4A46-4FEF-B178-19C2AB8E7EA2}.Debug|Any CPU.Build.0 = Debug|Any CPU
		{6205D3CB-4A46-4FEF-B178-19C2AB8E7EA2}.Release|Any CPU.ActiveCfg = Release|Any CPU
		{6205D3CB-4A46-4FEF-B178-19C2AB8E7EA2}.Release|Any CPU.Build.0 = Release|Any CPU
	EndGlobalSection
	GlobalSection(SolutionProperties) = preSolution
		HideSolutionNode = FALSE
	EndGlobalSection
	GlobalSection(NestedProjects) = preSolution
		{8E8228C0-1775-4864-8FBF-7F4E5384EA05} = {E3FB00F7-18B1-485B-80E8-69B851A5729F}
		{D5A92E08-C0F4-4513-8D08-BDBD13C0CD8D} = {4AAE98CC-03C2-4318-B05D-07B1E2F80BC1}
		{AE97D0BD-CE97-4314-BAE8-F5768D796663} = {E3FB00F7-18B1-485B-80E8-69B851A5729F}
		{6205D3CB-4A46-4FEF-B178-19C2AB8E7EA2} = {4AAE98CC-03C2-4318-B05D-07B1E2F80BC1}
	EndGlobalSection
	GlobalSection(ExtensibilityGlobals) = postSolution
		SolutionGuid = {1B951598-6DF1-4F69-962B-C9CE381F4BAA}
	EndGlobalSection
EndGlobal
